# THIS IS AN AUTOGENERATED FILE. DO NOT EDIT THIS FILE DIRECTLY.
# yarn lockfile v1


"@babel/runtime@^7.12.5", "@babel/runtime@^7.5.5", "@babel/runtime@^7.6.2", "@babel/runtime@^7.7.2":
  version "7.20.13"
  resolved "https://registry.yarnpkg.com/@babel/runtime/-/runtime-7.20.13.tgz#7055ab8a7cff2b8f6058bf6ae45ff84ad2aded4b"
  integrity sha512-gt3PKXs0DBoL9xCvOIIZ2NEqAGZqHjAnmVbfQtB620V0uReIQutpel14KcneZuer7UioY8ALKZ7iocavvzTNFA==
  dependencies:
    regenerator-runtime "^0.13.11"

"@next/env@13.1.5":
  version "13.1.5"
  resolved "https://registry.yarnpkg.com/@next/env/-/env-13.1.5.tgz#72b24d3726a6b752be6b7b9a937f7af31b3ce410"
  integrity sha512-0Ry4NhJy6qLbXhvxPRUQ1H6RzgtryGdUto7hfgAK0Iw/bScgeVjwLZdfhm2iT7qsOS32apo9cWzLCxjc6iGPsA==

"@next/font@13.1.5":
  version "13.1.5"
  resolved "https://registry.yarnpkg.com/@next/font/-/font-13.1.5.tgz#9e47e5986173ffab2c3300ac1c63bc39887dfe64"
  integrity sha512-6M5R6yC3JkdJiqo/YJxDp6+0vDn0smXOAzl8uHt4qmDS2u53ji/19K0HM51d+5kg8xntDi+N2hw7YjaU9inkNA==

"@next/swc-android-arm-eabi@13.1.5":
  version "13.1.5"
  resolved "https://registry.yarnpkg.com/@next/swc-android-arm-eabi/-/swc-android-arm-eabi-13.1.5.tgz#0ea6f76754562ab8092efe7e492906790261b7cb"
  integrity sha512-QAEf3YM9U0qWVQTxgF3Tsh4OeCN1i9Smsf6cVlwZsPzoLyj2nQ879joCoN+ONqDknkBgG6OG/ajefywL3jw9Cg==

"@next/swc-android-arm64@13.1.5":
  version "13.1.5"
  resolved "https://registry.yarnpkg.com/@next/swc-android-arm64/-/swc-android-arm64-13.1.5.tgz#8d4a91d77811c6c7057a41f4f32ecee1ac963981"
  integrity sha512-ZmtGPTghRuT5YKL0nNcC2bBVSiG1O0is16eIZ2rWSP/hRW64ZCcAew6pxw2rihntNp22UfequjSTHd91WE/tyQ==

"@next/swc-darwin-arm64@13.1.5":
  version "13.1.5"
  resolved "https://registry.yarnpkg.com/@next/swc-darwin-arm64/-/swc-darwin-arm64-13.1.5.tgz#3f206d22201c6500acce3a9274a807fb07878565"
  integrity sha512-aeFXK+M/zmG/CNdMJ0tGNs0MWcLueUe7vZ2V6fa+2yz/ZgYJLI7fEfFvVh1p1yBMzupSbZDowvMuCSFTaeg3MA==

"@next/swc-darwin-x64@13.1.5":
  version "13.1.5"
  resolved "https://registry.yarnpkg.com/@next/swc-darwin-x64/-/swc-darwin-x64-13.1.5.tgz#3b0775ed190a6b35cd0ba61510dcd133dcb8c4bf"
  integrity sha512-6mPX0GNRg8NzjV70at8I8pD9YBnPHDpxJCoMuIqysdTjtQhd09Xk6GUhquNhp1kEJzzVk7OW5l2ch4XIJjtY3A==

"@next/swc-freebsd-x64@13.1.5":
  version "13.1.5"
  resolved "https://registry.yarnpkg.com/@next/swc-freebsd-x64/-/swc-freebsd-x64-13.1.5.tgz#a9f2b39434b52867860afbd32638f9742c45c82a"
  integrity sha512-nR4a/SNblG0w8hhYRflTZjk4yD99ld18w/FCftw99ziw8sgciBlOXRICJIiRIaMRU8UH7QLSgBOQVnfNcVNKMA==

"@next/swc-linux-arm-gnueabihf@13.1.5":
  version "13.1.5"
  resolved "https://registry.yarnpkg.com/@next/swc-linux-arm-gnueabihf/-/swc-linux-arm-gnueabihf-13.1.5.tgz#4ae5dcdea5aa5cb6b9ce14bbf86e3afe7dc3df1a"
  integrity sha512-EzkltCVKg3gUzamoeKPhGeSgXTTLAhSzc7v/+g1Y+HQa7JKMrlzdRkrJf+H4LJXcz7lnxgNKHGRyZBSXnmJKJw==

"@next/swc-linux-arm64-gnu@13.1.5":
  version "13.1.5"
  resolved "https://registry.yarnpkg.com/@next/swc-linux-arm64-gnu/-/swc-linux-arm64-gnu-13.1.5.tgz#92d816a430390642aa1ce1969a255b6a0b2d9833"
  integrity sha512-E7HMkdoxStmTUJU4KzBUU4vZ5DHT4Gd327tC3KFZS5lda0NRerJAOCfsRg+fBj22FvCb1UWsX6XI+weL6xhyeQ==

"@next/swc-linux-arm64-musl@13.1.5":
  version "13.1.5"
  resolved "https://registry.yarnpkg.com/@next/swc-linux-arm64-musl/-/swc-linux-arm64-musl-13.1.5.tgz#b44ba6866802ee0f6d655e7184b7c2f29485219f"
  integrity sha512-qlO0Fd3GQwJS6YpbF9NyL5NGHVZ43dKtZDC/jP4vdeMIYDtSu13HcY/nmA1NdW+RpMwDxSCpx4WKsCCEZGIX8Q==

"@next/swc-linux-x64-gnu@13.1.5":
  version "13.1.5"
  resolved "https://registry.yarnpkg.com/@next/swc-linux-x64-gnu/-/swc-linux-x64-gnu-13.1.5.tgz#f70afe2654d8ca6e488964ed0ebef11f38d56675"
  integrity sha512-GftSBFAay2nocGl+KNqFsj6EVSvomaM/bp86hzezbKsTwQmu76PjOCVcejI1gE+4k7f5zPDgCuorF6F04BV0HQ==

"@next/swc-linux-x64-musl@13.1.5":
  version "13.1.5"
  resolved "https://registry.yarnpkg.com/@next/swc-linux-x64-musl/-/swc-linux-x64-musl-13.1.5.tgz#6e4aa45a6ee1cea7e6c3295dfde69250afd4c714"
  integrity sha512-UD+3lxU4yuAjd+uBkCDfBpAcbGAVfEcE8mX/efIxUGIImmzN0QzgTHYEpKFnY3Lxu02dIBcwQRT3Q5mfO4obng==

"@next/swc-win32-arm64-msvc@13.1.5":
  version "13.1.5"
  resolved "https://registry.yarnpkg.com/@next/swc-win32-arm64-msvc/-/swc-win32-arm64-msvc-13.1.5.tgz#1ef6d453b021b26ed2d0e317c1cb658eb57d66c2"
  integrity sha512-uzsvkQY+K3EbL+97IUHPWZPwjsCmCkdH/O5Cf9wCnh0k0gaj7ob1mGKqr1vNNak+9U7HloGwuHcXnZpijWSP7w==

"@next/swc-win32-ia32-msvc@13.1.5":
  version "13.1.5"
  resolved "https://registry.yarnpkg.com/@next/swc-win32-ia32-msvc/-/swc-win32-ia32-msvc-13.1.5.tgz#a708ed168a5d83b28519b4fcba396ab329c1a2b0"
  integrity sha512-v0NaC1w8mPf620GlJaHBdEm3dm4G4AEQMasDqjzQvo0yCRrvtvzMgCIe8MocBxFHzaF6868NybMqvumxP5YxEg==

"@next/swc-win32-x64-msvc@13.1.5":
  version "13.1.5"
  resolved "https://registry.yarnpkg.com/@next/swc-win32-x64-msvc/-/swc-win32-x64-msvc-13.1.5.tgz#8c7bef3dc41e624050eecb336cbd944a91fa7198"
  integrity sha512-IZHwvd649ccbWyLCfu92IXEpR250NpmBkaRelPV+WVm4jrd62FKRFCNdqdCXq6TrEg9wN8cK4YG8tm44uEZqLA==

"@swc/helpers@0.4.14":
  version "0.4.14"
  resolved "https://registry.yarnpkg.com/@swc/helpers/-/helpers-0.4.14.tgz#1352ac6d95e3617ccb7c1498ff019654f1e12a74"
  integrity sha512-4C7nX/dvpzB7za4Ql9K81xK3HPxCpHMgwTZVyf+9JQ6VUbn9jjZVN7/Nkdz/Ugzs2CSjqnL/UPXroiVBVHUWUw==
  dependencies:
    tslib "^2.4.0"

addr-to-ip-port@^1.0.1:
  version "1.5.4"
  resolved "https://registry.yarnpkg.com/addr-to-ip-port/-/addr-to-ip-port-1.5.4.tgz#9542b1c6219fdb8c9ce6cc72c14ee880ab7ddd88"
  integrity sha512-ByxmJgv8vjmDcl3IDToxL2yrWFrRtFpZAToY0f46XFXl8zS081t7El5MXIodwm7RC6DhHBRoOSMLFSPKCtHukg==

asynckit@^0.4.0:
  version "0.4.0"
  resolved "https://registry.yarnpkg.com/asynckit/-/asynckit-0.4.0.tgz#c79ed97f7f34cb8f2ba1bc9790bcc366474b4b79"
  integrity sha512-Oei9OH4tRh0YqU3GxhX79dM/mwVgvbZJaSNaRk+bshkj0S5cfHcgYakreBjrHwatXKbz+IoIdYLxrKim2MjW0Q==

axios@^1.2.3:
  version "1.2.3"
  resolved "https://registry.yarnpkg.com/axios/-/axios-1.2.3.tgz#31a3d824c0ebf754a004b585e5f04a5f87e6c4ff"
  integrity sha512-pdDkMYJeuXLZ6Xj/Q5J3Phpe+jbGdsSzlQaFVkMQzRUL05+6+tetX8TV3p4HrU4kzuO9bt+io/yGQxuyxA/xcw==
  dependencies:
    follow-redirects "^1.15.0"
    form-data "^4.0.0"
    proxy-from-env "^1.1.0"

b4a@^1.3.1:
  version "1.6.1"
  resolved "https://registry.yarnpkg.com/b4a/-/b4a-1.6.1.tgz#9effac93a469a868d024e16fd77162c653544cbd"
  integrity sha512-AsKjNhz72yxteo/0EtQEiwkMUgk/tGmycXlbG4g3Ard2/ULtNLUykGOkeK0egmN27h0xMAhb76jYccW+XTBExA==

balanced-match@^1.0.0:
  version "1.0.2"
  resolved "https://registry.yarnpkg.com/balanced-match/-/balanced-match-1.0.2.tgz#e83e3a7e3f300b34cb9d87f615fa0cbf357690ee"
  integrity sha512-3oSeUO0TMV67hN1AmbXsK4yaqU7tjiHlbxRDZOpH0KW9+CeX4bRAaX0Anxt0tx2MrpRpWwQaPwIlISEJhYU5Pw==

base64-js@^1.3.1:
  version "1.5.1"
  resolved "https://registry.yarnpkg.com/base64-js/-/base64-js-1.5.1.tgz#1b1b440160a5bf7ad40b650f095963481903930a"
  integrity sha512-AKpaYlHn8t4SVbOHCy+b5+KKgvR4vrsD8vbvrbiQJps7fKDTkjkDry6ji0rUJjC0kzbNePLwzxq8iypo41qeWA==

bencode@^2.0.0, bencode@^2.0.1, bencode@^2.0.3:
  version "2.0.3"
  resolved "https://registry.yarnpkg.com/bencode/-/bencode-2.0.3.tgz#89b9c80ea1b8573554915a7d0c15f62b0aa7fc52"
  integrity sha512-D/vrAD4dLVX23NalHwb8dSvsUsxeRPO8Y7ToKA015JQYq69MLDOMkC0uGZYA/MPpltLO8rt8eqFC2j8DxjTZ/w==

bep53-range@^1.0.0:
  version "1.1.1"
  resolved "https://registry.yarnpkg.com/bep53-range/-/bep53-range-1.1.1.tgz#20fd125b00a413254a77d42f63a43750ca7e64ac"
  integrity sha512-ct6s33iiwRCUPp9KXnJ4QMWDgHIgaw36caK/5XEQ9L8dCzSQlJt1Vk6VmHh1VD4AlGCAI4C2zmtfItifBBPrhQ==

big-integer@^1.6.16:
  version "1.6.51"
  resolved "https://registry.yarnpkg.com/big-integer/-/big-integer-1.6.51.tgz#0df92a5d9880560d3ff2d5fd20245c889d130686"
  integrity sha512-GPEid2Y9QU1Exl1rpO9B2IPJGHPSupF5GnVIP0blYvNOMer2bTvSWs1jGOUg04hTmu67nmLsQ9TBo1puaotBHg==

bitfield@^0.1.0:
  version "0.1.0"
  resolved "https://registry.yarnpkg.com/bitfield/-/bitfield-0.1.0.tgz#b05d8b5f0d09f2df35a9db3b3a62d3808c46c457"
  integrity sha512-M15ypXCxXd81FSOWL2ejHpB1TDKmz7Y55/VuqfExJi72sHW0JzE5dfV+hrSZafZtWRg/tdMsdte5dgwrlOM7nA==

bittorrent-dht@^10.0.7:
  version "10.0.7"
  resolved "https://registry.yarnpkg.com/bittorrent-dht/-/bittorrent-dht-10.0.7.tgz#fbe0f56349e7aab951d6d8625e0f78495ad74684"
  integrity sha512-o6elCANGteECXz82LFqG1Ov2fG4uNzfUU7pBMx9ixxKUh99ZXNrhbiNLRNN2F2vBnqKSN7SHlUW4LJ5Z2u1eKw==
  dependencies:
    bencode "^2.0.3"
    debug "^4.3.4"
    k-bucket "^5.1.0"
    k-rpc "^5.1.0"
    last-one-wins "^1.0.4"
    lru "^3.1.0"
    randombytes "^2.1.0"
    record-cache "^1.2.0"
    simple-sha1 "^3.1.0"

bittorrent-lsd@^1.1.1:
  version "1.1.1"
  resolved "https://registry.yarnpkg.com/bittorrent-lsd/-/bittorrent-lsd-1.1.1.tgz#427044bfcc05d0c2f286b6d1db70a91c04daa0c9"
  integrity sha512-dWxU2Mr2lU6jzIKgZrTsXgeXDCIcYpR1b6f2n89fn7juwPAYbNU04OgWjcQPLiNliY0filsX5CQAWntVErpk+Q==
  dependencies:
    chrome-dgram "^3.0.6"
    debug "^4.2.0"

bittorrent-peerid@^1.3.3:
  version "1.3.6"
  resolved "https://registry.yarnpkg.com/bittorrent-peerid/-/bittorrent-peerid-1.3.6.tgz#3688705a64937a8176ac2ded1178fc7bd91b61db"
  integrity sha512-VyLcUjVMEOdSpHaCG/7odvCdLbAB1y3l9A2V6WIje24uV7FkJPrQrH/RrlFmKxP89pFVDEnE+YlHaFujlFIZsg==

bittorrent-tracker@^9.19.0:
  version "9.19.0"
  resolved "https://registry.yarnpkg.com/bittorrent-tracker/-/bittorrent-tracker-9.19.0.tgz#2266bfa8a45a57b09f8d8b184710ba531712d8ef"
  integrity sha512-09d0aD2b+MC+zWvWajkUAKkYMynYW4tMbTKiRSthKtJZbafzEoNQSUHyND24SoCe3ZOb2fKfa6fu2INAESL9wA==
  dependencies:
    bencode "^2.0.1"
    bittorrent-peerid "^1.3.3"
    bn.js "^5.2.0"
    chrome-dgram "^3.0.6"
    clone "^2.0.0"
    compact2string "^1.4.1"
    debug "^4.1.1"
    ip "^1.1.5"
    lru "^3.1.0"
    minimist "^1.2.5"
    once "^1.4.0"
    queue-microtask "^1.2.3"
    random-iterate "^1.0.1"
    randombytes "^2.1.0"
    run-parallel "^1.2.0"
    run-series "^1.1.9"
    simple-get "^4.0.0"
    simple-peer "^9.11.0"
    simple-websocket "^9.1.0"
    socks "^2.0.0"
    string2compact "^1.3.0"
    unordered-array-remove "^1.0.2"
    ws "^7.4.5"
  optionalDependencies:
    bufferutil "^4.0.3"
    utf-8-validate "^5.0.5"

blob-to-buffer@^1.2.6:
  version "1.2.9"
  resolved "https://registry.yarnpkg.com/blob-to-buffer/-/blob-to-buffer-1.2.9.tgz#a17fd6c1c564011408f8971e451544245daaa84a"
  integrity sha512-BF033y5fN6OCofD3vgHmNtwZWRcq9NLyyxyILx9hfMy1sXYy4ojFl765hJ2lP0YaN2fuxPaLO2Vzzoxy0FLFFA==

bn.js@^5.2.0:
  version "5.2.1"
  resolved "https://registry.yarnpkg.com/bn.js/-/bn.js-5.2.1.tgz#0bc527a6a0d18d0aa8d5b0538ce4a77dccfa7b70"
  integrity sha512-eXRvHzWyYPBuB4NBy0cmYQjGitUrtqwbvlzP3G6VFnNRbsZQIxQ10PbKKHt8gZ/HW/D/747aDl+QkDqg3KQLMQ==

bncode@^0.2.3:
  version "0.2.3"
  resolved "https://registry.yarnpkg.com/bncode/-/bncode-0.2.3.tgz#37f851dc8e47188a83fbc0f6fa4775cacc9a3296"
  integrity sha512-IXGfySD68R/J2X/it8GZqAM+Vb3ByZvAlUi0Gysq4ZACq6hXGQ3YshKo0QS/f3S9wOWKjJnEjP6x3ELxqBnAOA==

bncode@^0.5.3:
  version "0.5.3"
  resolved "https://registry.yarnpkg.com/bncode/-/bncode-0.5.3.tgz#e16661697452d436bf9886238cc791b08d66a61a"
  integrity sha512-0P5VuWobU5Gwbeio8n9Jsdv0tE1IikrV9n4f7RsnXHNtxmdd/oeIO6QyoSEUAEyo5P6i3XMfBppi82WqNsT4JA==

brace-expansion@^1.1.7:
  version "1.1.11"
  resolved "https://registry.yarnpkg.com/brace-expansion/-/brace-expansion-1.1.11.tgz#3c7fcbf529d87226f3d2f52b966ff5271eb441dd"
  integrity sha512-iCuPHDFgrHX7H2vEI/5xpz07zSHB00TpugqhmYtVmMO6518mCuRMoOYFldEBl0g187ufozdaHgWKcYFb61qGiA==
  dependencies:
    balanced-match "^1.0.0"
    concat-map "0.0.1"

broadcast-channel@^3.4.1:
  version "3.7.0"
  resolved "https://registry.yarnpkg.com/broadcast-channel/-/broadcast-channel-3.7.0.tgz#2dfa5c7b4289547ac3f6705f9c00af8723889937"
  integrity sha512-cIAKJXAxGJceNZGTZSBzMxzyOn72cVgPnKx4dc6LRjQgbaJUQqhy5rzL3zbMxkMWsGKkv2hSFkPRMEXfoMZ2Mg==
  dependencies:
    "@babel/runtime" "^7.7.2"
    detect-node "^2.1.0"
    js-sha3 "0.8.0"
    microseconds "0.2.0"
    nano-time "1.0.0"
    oblivious-set "1.0.0"
    rimraf "3.0.2"
    unload "2.2.0"

buffer-alloc-unsafe@^1.1.0:
  version "1.1.0"
  resolved "https://registry.yarnpkg.com/buffer-alloc-unsafe/-/buffer-alloc-unsafe-1.1.0.tgz#bd7dc26ae2972d0eda253be061dba992349c19f0"
  integrity sha512-TEM2iMIEQdJ2yjPJoSIsldnleVaAk1oW3DBVUykyOLsEsFmEc9kn+SFFPz+gl54KQNxlDnAwCXosOS9Okx2xAg==

buffer-alloc@^1.1.0:
  version "1.2.0"
  resolved "https://registry.yarnpkg.com/buffer-alloc/-/buffer-alloc-1.2.0.tgz#890dd90d923a873e08e10e5fd51a57e5b7cce0ec"
  integrity sha512-CFsHQgjtW1UChdXgbyJGtnm+O/uLQeZdtbDo8mfUgYXCHSM1wgrVxXm6bSyrUuErEb+4sYVGCzASBRot7zyrow==
  dependencies:
    buffer-alloc-unsafe "^1.1.0"
    buffer-fill "^1.0.0"

buffer-fill@^1.0.0:
  version "1.0.0"
  resolved "https://registry.yarnpkg.com/buffer-fill/-/buffer-fill-1.0.0.tgz#f8f78b76789888ef39f205cd637f68e702122b2c"
  integrity sha512-T7zexNBwiiaCOGDg9xNX9PBmjrubblRkENuptryuI64URkXDFum9il/JGL8Lm8wYfAXpredVXXZz7eMHilimiQ==

buffer-from@^1.0.0, buffer-from@^1.1.1:
  version "1.1.2"
  resolved "https://registry.yarnpkg.com/buffer-from/-/buffer-from-1.1.2.tgz#2b146a6fd72e80b4f55d255f35ed59a3a9a41bd5"
  integrity sha512-E+XQCRwSbaaiChtv6k6Dwgc+bx+Bs6vuKJHHl5kox/BaKbhiXzqQOwK4cO22yElGp2OCmjwVhT3HmxgyPGnJfQ==

buffer@^6.0.3:
  version "6.0.3"
  resolved "https://registry.yarnpkg.com/buffer/-/buffer-6.0.3.tgz#2ace578459cc8fbe2a70aaa8f52ee63b6a74c6c6"
  integrity sha512-FTiCpNxtwiZZHEZbcbTIcZjERVICn9yq/pDFkTl95/AxzD1naBctN7YO68riM/gLSDY7sdrMby8hofADYuuqOA==
  dependencies:
    base64-js "^1.3.1"
    ieee754 "^1.2.1"

bufferutil@^4.0.3:
  version "4.0.7"
  resolved "https://registry.yarnpkg.com/bufferutil/-/bufferutil-4.0.7.tgz#60c0d19ba2c992dd8273d3f73772ffc894c153ad"
  integrity sha512-kukuqc39WOHtdxtw4UScxF/WVnMFVSQVKhtx3AjZJzhd0RGZZldcrfSEbVsWWe6KNH253574cq5F+wpv0G9pJw==
  dependencies:
    node-gyp-build "^4.3.0"

caniuse-lite@^1.0.30001406:
  version "1.0.30001447"
  resolved "https://registry.yarnpkg.com/caniuse-lite/-/caniuse-lite-1.0.30001447.tgz#ef1f39ae38d839d7176713735a8e467a0a2523bd"
  integrity sha512-bdKU1BQDPeEXe9A39xJnGtY0uRq/z5osrnXUw0TcK+EYno45Y+U7QU9HhHEyzvMDffpYadFXi3idnSNkcwLkTw==

chrome-dgram@^3.0.2, chrome-dgram@^3.0.6:
  version "3.0.6"
  resolved "https://registry.yarnpkg.com/chrome-dgram/-/chrome-dgram-3.0.6.tgz#2288b5c7471f66f073691206d36319dda713cf55"
  integrity sha512-bqBsUuaOiXiqxXt/zA/jukNJJ4oaOtc7ciwqJpZVEaaXwwxqgI2/ZdG02vXYWUhHGziDlvGMQWk0qObgJwVYKA==
  dependencies:
    inherits "^2.0.4"
    run-series "^1.1.9"

chrome-dns@^1.0.0:
  version "1.0.1"
  resolved "https://registry.yarnpkg.com/chrome-dns/-/chrome-dns-1.0.1.tgz#6870af680a40d2c4b2efc2154a378793f5a4ce4b"
  integrity sha512-HqsYJgIc8ljJJOqOzLphjAs79EUuWSX3nzZi2LNkzlw3GIzAeZbaSektC8iT/tKvLqZq8yl1GJu5o6doA4TRbg==
  dependencies:
    chrome-net "^3.3.2"

chrome-net@^3.3.2:
  version "3.3.4"
  resolved "https://registry.yarnpkg.com/chrome-net/-/chrome-net-3.3.4.tgz#0e604a31d226ebfb8d2d1c381cab47d35309825d"
  integrity sha512-Jzy2EnzmE+ligqIZUsmWnck9RBXLuUy6CaKyuNMtowFG3ZvLt8d+WBJCTPEludV0DHpIKjAOlwjFmTaEdfdWCw==
  dependencies:
    inherits "^2.0.1"

client-only@0.0.1:
  version "0.0.1"
  resolved "https://registry.yarnpkg.com/client-only/-/client-only-0.0.1.tgz#38bba5d403c41ab150bff64a95c85013cf73bca1"
  integrity sha512-IV3Ou0jSMzZrd3pZ48nLkT9DA7Ag1pnPzaiQhpW7c3RbcqqzvzzVu+L8gfqMp/8IM2MQtSiqaCxrrcfu8I8rMA==

clone@^2.0.0:
  version "2.1.2"
  resolved "https://registry.yarnpkg.com/clone/-/clone-2.1.2.tgz#1b7f4b9f591f1e8f83670401600345a02887435f"
  integrity sha512-3Pe/CF1Nn94hyhIYpjtiLhdCoEoz0DqQ+988E9gmeEdQZlojxnOb74wctFyuwWQHzqyf9X7C7MG8juUpqBJT8w==

combined-stream@^1.0.8:
  version "1.0.8"
  resolved "https://registry.yarnpkg.com/combined-stream/-/combined-stream-1.0.8.tgz#c3d45a8b34fd730631a110a8a2520682b31d5a7f"
  integrity sha512-FQN4MRfuJeHf7cBbBMJFXhKSDq+2kAArBlmRBvcvFE5BB1HZKXtSFASDhdlz9zOYwxh8lDdnvmMOe/+5cdoEdg==
  dependencies:
    delayed-stream "~1.0.0"

compact2string@^1.4.1:
  version "1.4.1"
  resolved "https://registry.yarnpkg.com/compact2string/-/compact2string-1.4.1.tgz#8d34929055f8300a13cfc030ad1832e2e53c2e25"
  integrity sha512-3D+EY5nsRhqnOwDxveBv5T8wGo4DEvYxjDtPGmdOX+gfr5gE92c2RC0w2wa+xEefm07QuVqqcF3nZJUZ92l/og==
  dependencies:
    ipaddr.js ">= 0.1.5"

concat-map@0.0.1:
  version "0.0.1"
  resolved "https://registry.yarnpkg.com/concat-map/-/concat-map-0.0.1.tgz#d8a96bd77fd68df7793a73036a3ba0d5405d477b"
  integrity sha512-/Srv4dswyQNBfohGpz9o6Yb3Gz3SrUDqBH5rTuhGR7ahtlbYKnVxw2bCFMRljaA7EXHaXZ8wsHdodFvbkhKmqg==

core-util-is@~1.0.0:
  version "1.0.3"
  resolved "https://registry.yarnpkg.com/core-util-is/-/core-util-is-1.0.3.tgz#a6042d3634c2b27e9328f837b965fac83808db85"
  integrity sha512-ZQBvi1DcpJ4GDqanjucZ2Hj3wEO5pZDS89BWbkcrvdxksJorwUDDZamX9ldFkp9aw2lmBDLgkObEA4DWNJ9FYQ==

cyclist@~0.1.0:
  version "0.1.1"
  resolved "https://registry.yarnpkg.com/cyclist/-/cyclist-0.1.1.tgz#1bcfa56b081448cdb5e12bfc1bfad34b47fba8f3"
  integrity sha512-w8a8nQk9YSCkMmH2wDbFqpH1XMz7l409mSvWnnG6Iu6D0Ydhvq61XASE7QIaA46FxfG2Ag524ZuGgAy2cXPfsw==

debug@^4.1.1, debug@^4.2.0, debug@^4.3.1, debug@^4.3.2, debug@^4.3.4:
  version "4.3.4"
  resolved "https://registry.yarnpkg.com/debug/-/debug-4.3.4.tgz#1319f6579357f2338d3337d2cdd4914bb5dcc865"
  integrity sha512-PRWFHuSU3eDtQJPvnNY7Jcket1j0t5OuOsFzPPzsekD52Zl8qUfFIPEiswXqIvHWGVHOgX+7G/vCNNhehwxfkQ==
  dependencies:
    ms "2.1.2"

decompress-response@^4.2.0:
  version "4.2.1"
  resolved "https://registry.yarnpkg.com/decompress-response/-/decompress-response-4.2.1.tgz#414023cc7a302da25ce2ec82d0d5238ccafd8986"
  integrity sha512-jOSne2qbyE+/r8G1VU+G/82LBs2Fs4LAsTiLSHOCOMZQl2OKZ6i8i4IyHemTe+/yIXOtTcRQMzPcgyhoFlqPkw==
  dependencies:
    mimic-response "^2.0.0"

decompress-response@^6.0.0:
  version "6.0.0"
  resolved "https://registry.yarnpkg.com/decompress-response/-/decompress-response-6.0.0.tgz#ca387612ddb7e104bd16d85aab00d5ecf09c66fc"
  integrity sha512-aW35yZM6Bb/4oJlZncMH2LCoZtJXTRxES17vE3hoRiowU2kWHaJKFkSBDnDR+cm9J+9QhXmREyIfv0pji9ejCQ==
  dependencies:
    mimic-response "^3.1.0"

delayed-stream@~1.0.0:
  version "1.0.0"
  resolved "https://registry.yarnpkg.com/delayed-stream/-/delayed-stream-1.0.0.tgz#df3ae199acadfb7d440aaae0b29e2272b24ec619"
  integrity sha512-ZySD7Nf91aLB0RxL4KGrKHBXl7Eds1DAmEdcoVawXnLD7SDhpNgtuII2aAkg7a7QS41jxPSZ17p4VdGnMHk3MQ==

detect-node@^2.0.4, detect-node@^2.1.0:
  version "2.1.0"
  resolved "https://registry.yarnpkg.com/detect-node/-/detect-node-2.1.0.tgz#c9c70775a49c3d03bc2c06d9a73be550f978f8b1"
  integrity sha512-T0NIuQpnTvFDATNuHN5roPwSBG83rFsuO+MXXH9/3N1eFbn4wcPjttvjMLEPWJ0RGUYgQE7cGgS3tNxbqCGM7g==

err-code@^3.0.1:
  version "3.0.1"
  resolved "https://registry.yarnpkg.com/err-code/-/err-code-3.0.1.tgz#a444c7b992705f2b120ee320b09972eef331c920"
  integrity sha512-GiaH0KJUewYok+eeY05IIgjtAe4Yltygk9Wqp1V5yVWLdhf0hYZchRjNIT9bb0mSwRcIusT3cx7PJUf3zEIfUA==

fifo@^0.1.4:
  version "0.1.4"
  resolved "https://registry.yarnpkg.com/fifo/-/fifo-0.1.4.tgz#bf42d87c0ad07b00d0949d12388f6289606ece34"
  integrity sha512-CpKgwraLo4YWY9cUEICNJ1WcOVR2WE1Jvot3Nvr7FGBiGOKgkn1CmF4zuCl9VxvEh1nQsdYXtQg+V0etPiED6g==

follow-redirects@^1.15.0:
  version "1.15.2"
  resolved "https://registry.yarnpkg.com/follow-redirects/-/follow-redirects-1.15.2.tgz#b460864144ba63f2681096f274c4e57026da2c13"
  integrity sha512-VQLG33o04KaQ8uYi2tVNbdrWp1QWxNNea+nmIB4EVM28v0hmP17z7aG1+wAkNzVq4KeXTq3221ye5qTJP91JwA==

form-data@^4.0.0:
  version "4.0.0"
  resolved "https://registry.yarnpkg.com/form-data/-/form-data-4.0.0.tgz#93919daeaf361ee529584b9b31664dc12c9fa452"
  integrity sha512-ETEklSGi5t0QMZuiXoA/Q6vcnxcLQP5vdugSpuAyi6SVGi2clPPp+xgEhuMaHC+zGgn31Kd235W35f7Hykkaww==
  dependencies:
    asynckit "^0.4.0"
    combined-stream "^1.0.8"
    mime-types "^2.1.12"

fs.realpath@^1.0.0:
  version "1.0.0"
  resolved "https://registry.yarnpkg.com/fs.realpath/-/fs.realpath-1.0.0.tgz#1504ad2523158caa40db4a2787cb01411994ea4f"
  integrity sha512-OO0pH2lK6a0hZnAdau5ItzHPI6pUlvI7jMVnxUQRtw4owF2wk8lOSabtGDCTP4Ggrg2MbGnWO9X8K1t4+fGMDw==

get-browser-rtc@^1.1.0:
  version "1.1.0"
  resolved "https://registry.yarnpkg.com/get-browser-rtc/-/get-browser-rtc-1.1.0.tgz#d1494e299b00f33fc8e9d6d3343ba4ba99711a2c"
  integrity sha512-MghbMJ61EJrRsDe7w1Bvqt3ZsBuqhce5nrn/XAwgwOXhcsz53/ltdxOse1h/8eKXj5slzxdsz56g5rzOFSGwfQ==

get-stdin@^7.0.0:
  version "7.0.0"
  resolved "https://registry.yarnpkg.com/get-stdin/-/get-stdin-7.0.0.tgz#8d5de98f15171a125c5e516643c7a6d0ea8a96f6"
  integrity sha512-zRKcywvrXlXsA0v0i9Io4KDRaAw7+a1ZpjRwl9Wox8PFlVCCHra7E9c4kqXCoCM9nR5tBkaTTZRBoCm60bFqTQ==

glob@^7.1.3:
  version "7.2.3"
  resolved "https://registry.yarnpkg.com/glob/-/glob-7.2.3.tgz#b8df0fb802bbfa8e89bd1d938b4e16578ed44f2b"
  integrity sha512-nFR0zLpU2YCaRxwoCJvL6UvCH2JFyFVIvwTLsIf21AuHlMskA1hhTdk+LlYJtOlYt9v6dvszD2BGRqBL+iQK9Q==
  dependencies:
    fs.realpath "^1.0.0"
    inflight "^1.0.4"
    inherits "2"
    minimatch "^3.1.1"
    once "^1.3.0"
    path-is-absolute "^1.0.0"

hat@^0.0.3:
  version "0.0.3"
  resolved "https://registry.yarnpkg.com/hat/-/hat-0.0.3.tgz#bb014a9e64b3788aed8005917413d4ff3d502d8a"
  integrity sha512-zpImx2GoKXy42fVDSEad2BPKuSQdLcqsCYa48K3zHSzM/ugWuYjLDr8IXxpVuL7uCLHw56eaiLxCRthhOzf5ug==

ieee754@^1.2.1:
  version "1.2.1"
  resolved "https://registry.yarnpkg.com/ieee754/-/ieee754-1.2.1.tgz#8eb7a10a63fff25d15a57b001586d177d1b0d352"
  integrity sha512-dcyqhDvX1C46lXZcVqCpK+FtMRQVdIMN6/Df5js2zouUsqG7I6sFxitIC+7KYK29KdXOLHdu9zL4sFnoVQnqaA==

inflight@^1.0.4:
  version "1.0.6"
  resolved "https://registry.yarnpkg.com/inflight/-/inflight-1.0.6.tgz#49bd6331d7d02d0c09bc910a1075ba8165b56df9"
  integrity sha512-k92I/b08q4wvFscXCLvqfsHCrjrF7yiXsQuIVvVE7N82W3+aqpzuUdBbfhWcy/FZR3/4IgflMgKLOsvPDrGCJA==
  dependencies:
    once "^1.3.0"
    wrappy "1"

inherits@2, inherits@^2.0.1, inherits@^2.0.3, inherits@^2.0.4, inherits@~2.0.1:
  version "2.0.4"
  resolved "https://registry.yarnpkg.com/inherits/-/inherits-2.0.4.tgz#0fa2c64f932917c3433a0ded55363aae37416b7c"
  integrity sha512-k/vGaX4/Yla3WzyMCvTQOXYeIHvqOKtnqBduzTHpzpQZzAskKMhZ2K+EnBiSM9zGSoIFeMpXKxa4dYeZIQqewQ==

ip@^1.1.5:
  version "1.1.8"
  resolved "https://registry.yarnpkg.com/ip/-/ip-1.1.8.tgz#ae05948f6b075435ed3307acce04629da8cdbf48"
  integrity sha512-PuExPYUiu6qMBQb4l06ecm6T6ujzhmh+MeJcW9wa89PoAz5pvd4zPgN5WJV104mb6S2T1AwNIAaB70JNrLQWhg==

ip@^2.0.0:
  version "2.0.0"
  resolved "https://registry.yarnpkg.com/ip/-/ip-2.0.0.tgz#4cf4ab182fee2314c75ede1276f8c80b479936da"
  integrity sha512-WKa+XuLG1A1R0UWhl2+1XQSi+fZWMsYKffMZTTYsiZaUD8k2yDAj5atimTUD2TZkyCkNEeYE5NhFZmupOGtjYQ==

"ipaddr.js@>= 0.1.5", ipaddr.js@^2.0.0:
  version "2.0.1"
  resolved "https://registry.yarnpkg.com/ipaddr.js/-/ipaddr.js-2.0.1.tgz#eca256a7a877e917aeb368b0a7497ddf42ef81c0"
  integrity sha512-1qTgH9NG+IIJ4yfKs2e6Pp1bZg8wbDbKHT21HrLIeYBTRLgMYKnMTPAuI3Lcs61nfx5h1xlXnbJtH1kX5/d/ng==

isarray@0.0.1:
  version "0.0.1"
  resolved "https://registry.yarnpkg.com/isarray/-/isarray-0.0.1.tgz#8a18acfca9a8f4177e09abfc6038939b05d1eedf"
  integrity sha512-D2S+3GLxWH+uhrNEcoh/fnmYeP8E8/zHl644d/jdA0g2uyXvy3sb0qxotE+ne0LtccHknQzWwZEzhak7oJ0COQ==

js-file-download@^0.4.12:
  version "0.4.12"
  resolved "https://registry.yarnpkg.com/js-file-download/-/js-file-download-0.4.12.tgz#10c70ef362559a5b23cdbdc3bd6f399c3d91d821"
  integrity sha512-rML+NkoD08p5Dllpjo0ffy4jRHeY6Zsapvr/W86N7E0yuzAO6qa5X9+xog6zQNlH102J7IXljNY2FtS6Lj3ucg==

js-sha3@0.8.0:
  version "0.8.0"
  resolved "https://registry.yarnpkg.com/js-sha3/-/js-sha3-0.8.0.tgz#b9b7a5da73afad7dedd0f8c463954cbde6818840"
  integrity sha512-gF1cRrHhIzNfToc802P800N8PpXS+evLLXfsVpowqmAFR9uwbi89WvXg2QspOmXL8QL86J4T1EpFu+yUkwJY3Q==

"js-tokens@^3.0.0 || ^4.0.0":
  version "4.0.0"
  resolved "https://registry.yarnpkg.com/js-tokens/-/js-tokens-4.0.0.tgz#19203fb59991df98e3a287050d4647cdeaf32499"
  integrity sha512-RdJUflcE3cUzKiMqQgsCu06FPu9UdIJO0beYbPhHN4k6apgJtifcoCtT9bcxOpYBtpD2kCM6Sbzg4CausW/PKQ==

k-bucket@^5.0.0, k-bucket@^5.1.0:
  version "5.1.0"
  resolved "https://registry.yarnpkg.com/k-bucket/-/k-bucket-5.1.0.tgz#db2c9e72bd168b432e3f3e8fc092e2ccb61bff89"
  integrity sha512-Fac7iINEovXIWU20GPnOMLUbjctiS+cnmyjC4zAUgvs3XPf1vo9akfCHkigftSic/jiKqKl+KA3a/vFcJbHyCg==
  dependencies:
    randombytes "^2.1.0"

k-rpc-socket@^1.7.2:
  version "1.11.1"
  resolved "https://registry.yarnpkg.com/k-rpc-socket/-/k-rpc-socket-1.11.1.tgz#f14b4b240a716c6cad7b6434b21716dbd7c7b0e8"
  integrity sha512-8xtA8oqbZ6v1Niryp2/g4GxW16EQh5MvrUylQoOG+zcrDff5CKttON2XUXvMwlIHq4/2zfPVFiinAccJ+WhxoA==
  dependencies:
    bencode "^2.0.0"
    chrome-dgram "^3.0.2"
    chrome-dns "^1.0.0"
    chrome-net "^3.3.2"

k-rpc@^5.1.0:
  version "5.1.0"
  resolved "https://registry.yarnpkg.com/k-rpc/-/k-rpc-5.1.0.tgz#af2052de2e84994d55da3032175da5dad8640174"
  integrity sha512-FGc+n70Hcjoa/X2JTwP+jMIOpBz+pkRffHnSl9yrYiwUxg3FIgD50+u1ePfJUOnRCnx6pbjmVk5aAeB1wIijuQ==
  dependencies:
    k-bucket "^5.0.0"
    k-rpc-socket "^1.7.2"
    randombytes "^2.0.5"

last-one-wins@^1.0.4:
  version "1.0.4"
  resolved "https://registry.yarnpkg.com/last-one-wins/-/last-one-wins-1.0.4.tgz#c1bfd0cbcb46790ec9156b8d1aee8fcb86cda22a"
  integrity sha512-t+KLJFkHPQk8lfN6WBOiGkiUXoub+gnb2XTYI2P3aiISL+94xgZ1vgz1SXN/N4hthuOoLXarXfBZPUruyjQtfA==

loose-envify@^1.1.0:
  version "1.4.0"
  resolved "https://registry.yarnpkg.com/loose-envify/-/loose-envify-1.4.0.tgz#71ee51fa7be4caec1a63839f7e682d8132d30caf"
  integrity sha512-lyuxPGr/Wfhrlem2CL/UcnUc1zcqKAImBDzukY7Y5F/yQiNdko6+fRLevlw1HgMySw7f611UIY408EtxRSoK3Q==
  dependencies:
    js-tokens "^3.0.0 || ^4.0.0"

lru@^3.1.0:
  version "3.1.0"
  resolved "https://registry.yarnpkg.com/lru/-/lru-3.1.0.tgz#ea7fb8546d83733396a13091d76cfeb4c06837d5"
  integrity sha512-5OUtoiVIGU4VXBOshidmtOsvBIvcQR6FD/RzWSvaeHyxCGB+PCUCu+52lqMfdc0h/2CLvHhZS4TwUmMQrrMbBQ==
  dependencies:
    inherits "^2.0.1"

magnet-uri@^5.1.3:
  version "5.4.0"
  resolved "https://registry.yarnpkg.com/magnet-uri/-/magnet-uri-5.4.0.tgz#5c64d3b8853eafb2f31840df09fbfc90c00f0e1d"
  integrity sha512-ZpqciThlbvE6KkyT5oxAup/6CwjePw1hdtR8NU5+vq2hn9Sp5b7w3bRiJRvo9fMHUj2dWSuVCdkqt9p4ed1V9Q==
  dependencies:
    bep53-range "^1.0.0"
    thirty-two "^1.0.2"

magnet2torrent-js@^1.4.0:
  version "1.4.0"
  resolved "https://registry.yarnpkg.com/magnet2torrent-js/-/magnet2torrent-js-1.4.0.tgz#78ddf800371f4b7d365c9583abd138c2a8130ef0"
  integrity sha512-JJjG1zDkdHn11NVEyYbDRq5Oa8mWsBNfrUyP94MM98ssC4OMtx+e4Roxc6QNYm+/SiHC3MCR18m9ibG6GxVHzg==
  dependencies:
    bncode "^0.5.3"
    buffer-from "^1.1.1"
    hat "^0.0.3"
    parse-torrent "^7.1.2"
    peer-wire-swarm "^0.12.2"
    torrent-discovery "^9.2.1"

match-sorter@^6.0.2:
  version "6.3.1"
  resolved "https://registry.yarnpkg.com/match-sorter/-/match-sorter-6.3.1.tgz#98cc37fda756093424ddf3cbc62bfe9c75b92bda"
  integrity sha512-mxybbo3pPNuA+ZuCUhm5bwNkXrJTbsk5VWbR5wiwz/GC6LIiegBGn2w3O08UG/jdbYLinw51fSQ5xNU1U3MgBw==
  dependencies:
    "@babel/runtime" "^7.12.5"
    remove-accents "0.4.2"

microseconds@0.2.0:
  version "0.2.0"
  resolved "https://registry.yarnpkg.com/microseconds/-/microseconds-0.2.0.tgz#233b25f50c62a65d861f978a4a4f8ec18797dc39"
  integrity sha512-n7DHHMjR1avBbSpsTBj6fmMGh2AGrifVV4e+WYc3Q9lO+xnSZ3NyhcBND3vzzatt05LFhoKFRxrIyklmLlUtyA==

mime-db@1.52.0:
  version "1.52.0"
  resolved "https://registry.yarnpkg.com/mime-db/-/mime-db-1.52.0.tgz#bbabcdc02859f4987301c856e3387ce5ec43bf70"
  integrity sha512-sPU4uV7dYlvtWJxwwxHD0PuihVNiE7TyAbQ5SWxDCB9mUYvOgroQOwYQQOKPJ8CIbE+1ETVlOoK1UC2nU3gYvg==

mime-types@^2.1.12:
  version "2.1.35"
  resolved "https://registry.yarnpkg.com/mime-types/-/mime-types-2.1.35.tgz#381a871b62a734450660ae3deee44813f70d959a"
  integrity sha512-ZDY+bPm5zTTF+YpCrAU9nK0UgICYPT0QtT1NZWFv4s++TNkcgVaT0g6+4R2uI4MjQjzysHB1zxuWL50hzaeXiw==
  dependencies:
    mime-db "1.52.0"

mimic-response@^2.0.0:
  version "2.1.0"
  resolved "https://registry.yarnpkg.com/mimic-response/-/mimic-response-2.1.0.tgz#d13763d35f613d09ec37ebb30bac0469c0ee8f43"
  integrity sha512-wXqjST+SLt7R009ySCglWBCFpjUygmCIfD790/kVbiGmUgfYGuB14PiTd5DwVxSV4NcYHjzMkoj5LjQZwTQLEA==

mimic-response@^3.1.0:
  version "3.1.0"
  resolved "https://registry.yarnpkg.com/mimic-response/-/mimic-response-3.1.0.tgz#2d1d59af9c1b129815accc2c46a022a5ce1fa3c9"
  integrity sha512-z0yWI+4FDrrweS8Zmt4Ej5HdJmky15+L2e6Wgn3+iK5fWzb6T3fhNFq2+MeTRb064c6Wr4N/wv0DzQTjNzHNGQ==

minimatch@^3.1.1:
  version "3.1.2"
  resolved "https://registry.yarnpkg.com/minimatch/-/minimatch-3.1.2.tgz#19cd194bfd3e428f049a70817c038d89ab4be35b"
  integrity sha512-J7p63hRiAjw1NDEww1W7i37+ByIrOWO5XQQAzZ3VOcL0PNybwpfmV/N05zFAzwQ9USyEcX6t3UO+K5aqBQOIHw==
  dependencies:
    brace-expansion "^1.1.7"

minimist@^1.2.5:
  version "1.2.7"
  resolved "https://registry.yarnpkg.com/minimist/-/minimist-1.2.7.tgz#daa1c4d91f507390437c6a8bc01078e7000c4d18"
  integrity sha512-bzfL1YUZsP41gmu/qjrEk0Q6i2ix/cVeAhbCbqH9u3zYutS1cLg00qhrD0M2MVdCcx4Sc0UpP2eBWo9rotpq6g==

ms@2.1.2:
  version "2.1.2"
  resolved "https://registry.yarnpkg.com/ms/-/ms-2.1.2.tgz#d09d1f357b443f493382a8eb3ccd183872ae6009"
  integrity sha512-sGkPx+VjMtmA6MX27oA4FBFELFCZZ4S4XqeGOXCv68tT+jb3vk/RyaKWP0PTKyWtmLSM0b+adUTEvbs1PEaH2w==

nano-time@1.0.0:
  version "1.0.0"
  resolved "https://registry.yarnpkg.com/nano-time/-/nano-time-1.0.0.tgz#b0554f69ad89e22d0907f7a12b0993a5d96137ef"
  integrity sha512-flnngywOoQ0lLQOTRNexn2gGSNuM9bKj9RZAWSzhQ+UJYaAFG9bac4DW9VHjUAzrOaIcajHybCTHe/bkvozQqA==
  dependencies:
    big-integer "^1.6.16"

nanoid@^3.3.4:
  version "3.3.4"
  resolved "https://registry.yarnpkg.com/nanoid/-/nanoid-3.3.4.tgz#730b67e3cd09e2deacf03c027c81c9d9dbc5e8ab"
  integrity sha512-MqBkQh/OHTS2egovRtLk45wEyNXwF+cokD+1YPf9u5VfJiRdAiRwB2froX5Co9Rh20xs4siNPm8naNotSD6RBw==

next@13.1.5:
  version "13.1.5"
  resolved "https://registry.yarnpkg.com/next/-/next-13.1.5.tgz#d0c230ccecf18414db78d180537d0474c53fdf73"
  integrity sha512-rmpYZFCxxWAi2nJCT9sSqMLGC3cu+Pf689hx9clcyP0KbVIhh/7Dus5QcKrVd/PrAd6AjsuogSRR1mCP7BoYRw==
  dependencies:
    "@next/env" "13.1.5"
    "@swc/helpers" "0.4.14"
    caniuse-lite "^1.0.30001406"
    postcss "8.4.14"
    styled-jsx "5.1.1"
  optionalDependencies:
    "@next/swc-android-arm-eabi" "13.1.5"
    "@next/swc-android-arm64" "13.1.5"
    "@next/swc-darwin-arm64" "13.1.5"
    "@next/swc-darwin-x64" "13.1.5"
    "@next/swc-freebsd-x64" "13.1.5"
    "@next/swc-linux-arm-gnueabihf" "13.1.5"
    "@next/swc-linux-arm64-gnu" "13.1.5"
    "@next/swc-linux-arm64-musl" "13.1.5"
    "@next/swc-linux-x64-gnu" "13.1.5"
    "@next/swc-linux-x64-musl" "13.1.5"
    "@next/swc-win32-arm64-msvc" "13.1.5"
    "@next/swc-win32-ia32-msvc" "13.1.5"
    "@next/swc-win32-x64-msvc" "13.1.5"

node-gyp-build@^4.3.0:
  version "4.6.0"
  resolved "https://registry.yarnpkg.com/node-gyp-build/-/node-gyp-build-4.6.0.tgz#0c52e4cbf54bbd28b709820ef7b6a3c2d6209055"
  integrity sha512-NTZVKn9IylLwUzaKjkas1e4u2DLNcV4rdYagA4PWdPwW87Bi7z+BznyKSRwS/761tV/lzCGXplWsiaMjLqP2zQ==

oblivious-set@1.0.0:
  version "1.0.0"
  resolved "https://registry.yarnpkg.com/oblivious-set/-/oblivious-set-1.0.0.tgz#c8316f2c2fb6ff7b11b6158db3234c49f733c566"
  integrity sha512-z+pI07qxo4c2CulUHCDf9lcqDlMSo72N/4rLUpRXf6fu+q8vjt8y0xS+Tlf8NTJDdTXHbdeO1n3MlbctwEoXZw==

once@^1.1.1, once@^1.3.0, once@^1.3.1, once@^1.4.0:
  version "1.4.0"
  resolved "https://registry.yarnpkg.com/once/-/once-1.4.0.tgz#583b1aa775961d4b113ac17d9c50baef9dd76bd1"
  integrity sha512-lNaJgI+2Q5URQBkccEKHTQOPaXdUxnZZElQTZY0MFUAuaEqe1E+Nyvgdz/aIyNi6Z9MzO5dv1H8n58/GELp3+w==
  dependencies:
    wrappy "1"

parse-torrent@^7.1.2:
  version "7.1.3"
  resolved "https://registry.yarnpkg.com/parse-torrent/-/parse-torrent-7.1.3.tgz#5981a0d9381b16297a7af053763068e8da5c9610"
  integrity sha512-to8zT7+o6bVTyP35r2QgG1svuFGMFO1mE6ri1oWHgL9tlgnOtfjmfHmA3mOuP9HTIU/8OiZw0NG5zbyqVLxhvA==
  dependencies:
    bencode "^2.0.0"
    blob-to-buffer "^1.2.6"
    get-stdin "^7.0.0"
    magnet-uri "^5.1.3"
    simple-get "^3.0.1"
    simple-sha1 "^3.0.0"

path-is-absolute@^1.0.0:
  version "1.0.1"
  resolved "https://registry.yarnpkg.com/path-is-absolute/-/path-is-absolute-1.0.1.tgz#174b9268735534ffbc7ace6bf53a5a9e1b5c5f5f"
  integrity sha512-AVbw3UJ2e9bq64vSaS9Am0fje1Pa8pbGqTTsmXfaIiMpnr5DlDhfJOuLj9Sf95ZPVDAUerDfEk88MPmPe7UCQg==

peer-wire-protocol@^0.7.0:
  version "0.7.1"
  resolved "https://registry.yarnpkg.com/peer-wire-protocol/-/peer-wire-protocol-0.7.1.tgz#fdb4a75bfe6b3b84710eb5220ef0ebeed3b63396"
  integrity sha512-V9oTa/ZcfNNz9fAST28Gg0fXbPeFPk3SBImsYO8GDDG5D0E195vxXmjZ+SPrzr4BJyMQmdDmwUfTf9MZ62z4mw==
  dependencies:
    bitfield "^0.1.0"
    bncode "^0.2.3"
    buffer-alloc "^1.1.0"
    buffer-from "^1.0.0"
    readable-stream "^1.0.2"
    speedometer "^0.1.2"

peer-wire-swarm@^0.12.2:
  version "0.12.2"
  resolved "https://registry.yarnpkg.com/peer-wire-swarm/-/peer-wire-swarm-0.12.2.tgz#d7120e083cbd42b1c41c961865e938e747428950"
  integrity sha512-sIWZ1nTL9l6mI9J18kW1AeByBwagvNzGJlMmQA9pM+otKQtTIwnigK8SR0nEFrNZYqZelI6RQ6g4udvtQ2TI1g==
  dependencies:
    buffer-from "^1.0.0"
    fifo "^0.1.4"
    once "^1.1.1"
    peer-wire-protocol "^0.7.0"
    speedometer "^0.1.2"
    utp "0.0.7"

picocolors@^1.0.0:
  version "1.0.0"
  resolved "https://registry.yarnpkg.com/picocolors/-/picocolors-1.0.0.tgz#cb5bdc74ff3f51892236eaf79d68bc44564ab81c"
  integrity sha512-1fygroTLlHu66zi26VoTDv8yRgm0Fccecssto+MhsZ0D/DGW2sm8E8AjW7NU5VVTRt5GxbeZ5qBuJr+HyLYkjQ==

postcss@8.4.14:
  version "8.4.14"
  resolved "https://registry.yarnpkg.com/postcss/-/postcss-8.4.14.tgz#ee9274d5622b4858c1007a74d76e42e56fd21caf"
  integrity sha512-E398TUmfAYFPBSdzgeieK2Y1+1cpdxJx8yXbK/m57nRhKSmk1GB2tO4lbLBtlkfPQTDKfe4Xqv1ASWPpayPEig==
  dependencies:
    nanoid "^3.3.4"
    picocolors "^1.0.0"
    source-map-js "^1.0.2"

proxy-from-env@^1.1.0:
  version "1.1.0"
  resolved "https://registry.yarnpkg.com/proxy-from-env/-/proxy-from-env-1.1.0.tgz#e102f16ca355424865755d2c9e8ea4f24d58c3e2"
  integrity sha512-D+zkORCbA9f1tdWRK0RaCR3GPv50cMxcrz4X8k5LTSUD1Dkw47mKJEZQNunItRTkWwgtaUSo1RVFRIG9ZXiFYg==

queue-microtask@^1.2.2, queue-microtask@^1.2.3:
  version "1.2.3"
  resolved "https://registry.yarnpkg.com/queue-microtask/-/queue-microtask-1.2.3.tgz#4929228bbc724dfac43e0efb058caf7b6cfb6243"
  integrity sha512-NuaNSa6flKT5JaSYQzJok04JzTL1CA6aGhv5rfLW3PgqA+M2ChpZQnAC8h8i4ZFkBS8X5RqkDBHA7r4hej3K9A==

random-iterate@^1.0.1:
  version "1.0.1"
  resolved "https://registry.yarnpkg.com/random-iterate/-/random-iterate-1.0.1.tgz#f7d97d92dee6665ec5f6da08c7f963cad4b2ac99"
  integrity sha512-Jdsdnezu913Ot8qgKgSgs63XkAjEsnMcS1z+cC6D6TNXsUXsMxy0RpclF2pzGZTEiTXL9BiArdGTEexcv4nqcA==

randombytes@^2.0.5, randombytes@^2.1.0:
  version "2.1.0"
  resolved "https://registry.yarnpkg.com/randombytes/-/randombytes-2.1.0.tgz#df6f84372f0270dc65cdf6291349ab7a473d4f2a"
  integrity sha512-vYl3iOX+4CKUWuxGi9Ukhie6fsqXqS9FE2Zaic4tNFD2N2QQaXOMFbuKK4QmDHC0JO6B1Zp41J0LpT0oR68amQ==
  dependencies:
    safe-buffer "^5.1.0"

react-dom@18.2.0:
  version "18.2.0"
  resolved "https://registry.yarnpkg.com/react-dom/-/react-dom-18.2.0.tgz#22aaf38708db2674ed9ada224ca4aa708d821e3d"
  integrity sha512-6IMTriUmvsjHUjNtEDudZfuDQUoWXVxKHhlEGSk81n4YFS+r/Kl99wXiwlVXtPBtJenozv2P+hxDsw9eA7Xo6g==
  dependencies:
    loose-envify "^1.1.0"
    scheduler "^0.23.0"

react-icons@^4.7.1:
  version "4.7.1"
  resolved "https://registry.yarnpkg.com/react-icons/-/react-icons-4.7.1.tgz#0f4b25a5694e6972677cb189d2a72eabea7a8345"
  integrity sha512-yHd3oKGMgm7zxo3EA7H2n7vxSoiGmHk5t6Ou4bXsfcgWyhfDKMpyKfhHR6Bjnn63c+YXBLBPUql9H4wPJM6sXw==

react-query@^3.39.2:
  version "3.39.2"
  resolved "https://registry.yarnpkg.com/react-query/-/react-query-3.39.2.tgz#9224140f0296f01e9664b78ed6e4f69a0cc9216f"
  integrity sha512-F6hYDKyNgDQfQOuR1Rsp3VRzJnWHx6aRnnIZHMNGGgbL3SBgpZTDg8MQwmxOgpCAoqZJA+JSNCydF1xGJqKOCA==
  dependencies:
    "@babel/runtime" "^7.5.5"
    broadcast-channel "^3.4.1"
    match-sorter "^6.0.2"

react@18.2.0:
  version "18.2.0"
  resolved "https://registry.yarnpkg.com/react/-/react-18.2.0.tgz#555bd98592883255fa00de14f1151a917b5d77d5"
  integrity sha512-/3IjMdb2L9QbBdWiW5e3P2/npwMBaU9mHCSCUzNln0ZCYbcfTsGbTJrU/kGemdH2IWmB2ioZ+zkxtmq6g09fGQ==
  dependencies:
    loose-envify "^1.1.0"

readable-stream@^1.0.2:
  version "1.1.14"
  resolved "https://registry.yarnpkg.com/readable-stream/-/readable-stream-1.1.14.tgz#7cf4c54ef648e3813084c636dd2079e166c081d9"
  integrity sha512-+MeVjFf4L44XUkhM1eYbD8fyEsxcV81pqMSR5gblfcLCHfZvbrqy4/qYHE+/R5HoBUT11WV5O08Cr1n3YXkWVQ==
  dependencies:
    core-util-is "~1.0.0"
    inherits "~2.0.1"
    isarray "0.0.1"
    string_decoder "~0.10.x"

readable-stream@^3.6.0:
  version "3.6.0"
  resolved "https://registry.yarnpkg.com/readable-stream/-/readable-stream-3.6.0.tgz#337bbda3adc0706bd3e024426a286d4b4b2c9198"
  integrity sha512-BViHy7LKeTz4oNnkcLJ+lVSL6vpiFeX6/d3oSH8zCW7UxP2onchk+vTGB143xuFjHS3deTgkKoXXymXqymiIdA==
  dependencies:
    inherits "^2.0.3"
    string_decoder "^1.1.1"
    util-deprecate "^1.0.1"

record-cache@^1.2.0:
  version "1.2.0"
  resolved "https://registry.yarnpkg.com/record-cache/-/record-cache-1.2.0.tgz#e601bc4f164d58330cc00055e27aa4682291c882"
  integrity sha512-kyy3HWCez2WrotaL3O4fTn0rsIdfRKOdQQcEJ9KpvmKmbffKVvwsloX063EgRUlpJIXHiDQFhJcTbZequ2uTZw==
  dependencies:
    b4a "^1.3.1"

regenerator-runtime@^0.13.11:
  version "0.13.11"
  resolved "https://registry.yarnpkg.com/regenerator-runtime/-/regenerator-runtime-0.13.11.tgz#f6dca3e7ceec20590d07ada785636a90cdca17f9"
  integrity sha512-kY1AZVr2Ra+t+piVaJ4gxaFaReZVH40AKNo7UCX6W+dEwBo/2oZJzqfuN1qLq1oL45o56cPaTXELwrTh8Fpggg==

remove-accents@0.4.2:
  version "0.4.2"
  resolved "https://registry.yarnpkg.com/remove-accents/-/remove-accents-0.4.2.tgz#0a43d3aaae1e80db919e07ae254b285d9e1c7bb5"
  integrity sha512-7pXIJqJOq5tFgG1A2Zxti3Ht8jJF337m4sowbuHsW30ZnkQFnDzy9qBNhgzX8ZLW4+UBcXiiR7SwR6pokHsxiA==

rimraf@3.0.2:
  version "3.0.2"
  resolved "https://registry.yarnpkg.com/rimraf/-/rimraf-3.0.2.tgz#f1a5402ba6220ad52cc1282bac1ae3aa49fd061a"
  integrity sha512-JZkJMZkAGFFPP2YqXZXPbMlMBgsxzE8ILs4lMIX/2o0L9UBw9O/Y3o6wFw/i9YLapcUJWwqbi3kdxIPdC62TIA==
  dependencies:
    glob "^7.1.3"

run-parallel@^1.2.0:
  version "1.2.0"
  resolved "https://registry.yarnpkg.com/run-parallel/-/run-parallel-1.2.0.tgz#66d1368da7bdf921eb9d95bd1a9229e7f21a43ee"
  integrity sha512-5l4VyZR86LZ/lDxZTR6jqL8AFE2S0IFLMP26AbjsLVADxHdhB/c0GUsH+y39UfCi3dzz8OlQuPmnaJOMoDHQBA==
  dependencies:
    queue-microtask "^1.2.2"

run-series@^1.1.9:
  version "1.1.9"
  resolved "https://registry.yarnpkg.com/run-series/-/run-series-1.1.9.tgz#15ba9cb90e6a6c054e67c98e1dc063df0ecc113a"
  integrity sha512-Arc4hUN896vjkqCYrUXquBFtRZdv1PfLbTYP71efP6butxyQ0kWpiNJyAgsxscmQg1cqvHY32/UCBzXedTpU2g==

rusha@^0.8.13:
  version "0.8.14"
  resolved "https://registry.yarnpkg.com/rusha/-/rusha-0.8.14.tgz#a977d0de9428406138b7bb90d3de5dcd024e2f68"
  integrity sha512-cLgakCUf6PedEu15t8kbsjnwIFFR2D4RfL+W3iWFJ4iac7z4B0ZI8fxy4R3J956kAI68HclCFGL8MPoUVC3qVA==

safe-buffer@^5.1.0, safe-buffer@~5.2.0:
  version "5.2.1"
  resolved "https://registry.yarnpkg.com/safe-buffer/-/safe-buffer-5.2.1.tgz#1eaf9fa9bdb1fdd4ec75f58f9cdb4e6b7827eec6"
  integrity sha512-rp3So07KcdmmKbGvgaNxQSJr7bGVSVk5S9Eq1F+ppbRo70+YeaDxkw5Dd8NPN+GD6bjnYm2VuPuCXmpuYvmCXQ==

scheduler@^0.23.0:
  version "0.23.0"
  resolved "https://registry.yarnpkg.com/scheduler/-/scheduler-0.23.0.tgz#ba8041afc3d30eb206a487b6b384002e4e61fdfe"
  integrity sha512-CtuThmgHNg7zIZWAXi3AsyIzA3n4xx7aNyjwC2VJldO2LMVDhFK+63xGqq6CsJH4rTAt6/M+N4GhZiDYPx9eUw==
  dependencies:
    loose-envify "^1.1.0"

simple-concat@^1.0.0:
  version "1.0.1"
  resolved "https://registry.yarnpkg.com/simple-concat/-/simple-concat-1.0.1.tgz#f46976082ba35c2263f1c8ab5edfe26c41c9552f"
  integrity sha512-cSFtAPtRhljv69IK0hTVZQ+OfE9nePi/rtJmw5UjHeVyVroEqJXP1sFztKUy1qU+xvz3u/sfYJLa947b7nAN2Q==

simple-get@^3.0.1:
  version "3.1.1"
  resolved "https://registry.yarnpkg.com/simple-get/-/simple-get-3.1.1.tgz#cc7ba77cfbe761036fbfce3d021af25fc5584d55"
  integrity sha512-CQ5LTKGfCpvE1K0n2us+kuMPbk/q0EKl82s4aheV9oXjFEz6W/Y7oQFVJuU6QG77hRT4Ghb5RURteF5vnWjupA==
  dependencies:
    decompress-response "^4.2.0"
    once "^1.3.1"
    simple-concat "^1.0.0"

simple-get@^4.0.0:
  version "4.0.1"
  resolved "https://registry.yarnpkg.com/simple-get/-/simple-get-4.0.1.tgz#4a39db549287c979d352112fa03fd99fd6bc3543"
  integrity sha512-brv7p5WgH0jmQJr1ZDDfKDOSeWWg+OVypG99A/5vYGPqJ6pxiaHLy8nxtFjBA7oMa01ebA9gfh1uMCFqOuXxvA==
  dependencies:
    decompress-response "^6.0.0"
    once "^1.3.1"
    simple-concat "^1.0.0"

simple-peer@^9.11.0:
  version "9.11.1"
  resolved "https://registry.yarnpkg.com/simple-peer/-/simple-peer-9.11.1.tgz#9814d5723f821b778b7fb011bdefcbd1e788e6cc"
  integrity sha512-D1SaWpOW8afq1CZGWB8xTfrT3FekjQmPValrqncJMX7QFl8YwhrPTZvMCANLtgBwwdS+7zURyqxDDEmY558tTw==
  dependencies:
    buffer "^6.0.3"
    debug "^4.3.2"
    err-code "^3.0.1"
    get-browser-rtc "^1.1.0"
    queue-microtask "^1.2.3"
    randombytes "^2.1.0"
    readable-stream "^3.6.0"

simple-sha1@^3.0.0, simple-sha1@^3.1.0:
  version "3.1.0"
  resolved "https://registry.yarnpkg.com/simple-sha1/-/simple-sha1-3.1.0.tgz#40cac8436dfaf9924332fc46a5c7bca45f656131"
  integrity sha512-ArTptMRC1v08H8ihPD6l0wesKvMfF9e8XL5rIHPanI7kGOsSsbY514MwVu6X1PITHCTB2F08zB7cyEbfc4wQjg==
  dependencies:
    queue-microtask "^1.2.2"
    rusha "^0.8.13"

simple-websocket@^9.1.0:
  version "9.1.0"
  resolved "https://registry.yarnpkg.com/simple-websocket/-/simple-websocket-9.1.0.tgz#91cbb39eafefbe7e66979da6c639109352786a7f"
  integrity sha512-8MJPnjRN6A8UCp1I+H/dSFyjwJhp6wta4hsVRhjf8w9qBHRzxYt14RaOcjvQnhD1N4yKOddEjflwMnQM4VtXjQ==
  dependencies:
    debug "^4.3.1"
    queue-microtask "^1.2.2"
    randombytes "^2.1.0"
    readable-stream "^3.6.0"
    ws "^7.4.2"

smart-buffer@^4.2.0:
  version "4.2.0"
  resolved "https://registry.yarnpkg.com/smart-buffer/-/smart-buffer-4.2.0.tgz#6e1d71fa4f18c05f7d0ff216dd16a481d0e8d9ae"
  integrity sha512-94hK0Hh8rPqQl2xXc3HsaBoOXKV20MToPkcXvwbISWLEs+64sBq5kFgn2kJDHb1Pry9yrP0dxrCI9RRci7RXKg==

socks@^2.0.0:
  version "2.7.1"
  resolved "https://registry.yarnpkg.com/socks/-/socks-2.7.1.tgz#d8e651247178fde79c0663043e07240196857d55"
  integrity sha512-7maUZy1N7uo6+WVEX6psASxtNlKaNVMlGQKkG/63nEDdLOWNbiUMoLK7X4uYoLhQstau72mLgfEWcXcwsaHbYQ==
  dependencies:
    ip "^2.0.0"
    smart-buffer "^4.2.0"

source-map-js@^1.0.2:
  version "1.0.2"
  resolved "https://registry.yarnpkg.com/source-map-js/-/source-map-js-1.0.2.tgz#adbc361d9c62df380125e7f161f71c826f1e490c"
  integrity sha512-R0XvVJ9WusLiqTCEiGCmICCMplcCkIwwR11mOSD9CR5u+IXYdiseeEuXCVAjS54zqwkLcPNnmU4OeJ6tUrWhDw==

speedometer@^0.1.2:
  version "0.1.4"
  resolved "https://registry.yarnpkg.com/speedometer/-/speedometer-0.1.4.tgz#9876dbd2a169d3115402d48e6ea6329c8816a50d"
  integrity sha512-phdEoDlA6EUIVtzwq1UiNMXDUogczp204aYF/yfOhjNePWFfIpBJ1k5wLMuXQhEOOMjuTJEcc4vdZa+vuP+n/Q==

string2compact@^1.3.0:
  version "1.3.2"
  resolved "https://registry.yarnpkg.com/string2compact/-/string2compact-1.3.2.tgz#c9d11a13f368404b8025425cc53f9916de1d0b8b"
  integrity sha512-3XUxUgwhj7Eqh2djae35QHZZT4mN3fsO7kagZhSGmhhlrQagVvWSFuuFIWnpxFS0CdTB2PlQcaL16RDi14I8uw==
  dependencies:
    addr-to-ip-port "^1.0.1"
    ipaddr.js "^2.0.0"

string_decoder@^1.1.1:
  version "1.3.0"
  resolved "https://registry.yarnpkg.com/string_decoder/-/string_decoder-1.3.0.tgz#42f114594a46cf1a8e30b0a84f56c78c3edac21e"
  integrity sha512-hkRX8U1WjJFd8LsDJ2yQ/wWWxaopEsABU1XfkM8A+j0+85JAGppt16cr1Whg6KIbb4okU6Mql6BOj+uup/wKeA==
  dependencies:
    safe-buffer "~5.2.0"

string_decoder@~0.10.x:
  version "0.10.31"
  resolved "https://registry.yarnpkg.com/string_decoder/-/string_decoder-0.10.31.tgz#62e203bc41766c6c28c9fc84301dab1c5310fa94"
  integrity sha512-ev2QzSzWPYmy9GuqfIVildA4OdcGLeFZQrq5ys6RtiuF+RQQiZWr8TZNyAcuVXyQRYfEO+MsoB/1BuQVhOJuoQ==

styled-jsx@5.1.1:
  version "5.1.1"
  resolved "https://registry.yarnpkg.com/styled-jsx/-/styled-jsx-5.1.1.tgz#839a1c3aaacc4e735fed0781b8619ea5d0009d1f"
  integrity sha512-pW7uC1l4mBZ8ugbiZrcIsiIvVx1UmTfw7UkC3Um2tmfUq9Bhk8IiyEIPl6F8agHgjzku6j0xQEZbfA5uSgSaCw==
  dependencies:
    client-only "0.0.1"

thirty-two@^1.0.2:
  version "1.0.2"
  resolved "https://registry.yarnpkg.com/thirty-two/-/thirty-two-1.0.2.tgz#4ca2fffc02a51290d2744b9e3f557693ca6b627a"
  integrity sha512-OEI0IWCe+Dw46019YLl6V10Us5bi574EvlJEOcAkB29IzQ/mYD1A6RyNHLjZPiHCmuodxvgF6U+vZO1L15lxVA==

torrent-discovery@^9.2.1:
  version "9.4.15"
  resolved "https://registry.yarnpkg.com/torrent-discovery/-/torrent-discovery-9.4.15.tgz#95f983543d3e5259857116532cecca4aa979e494"
  integrity sha512-71nx+TpLaF27mbsSj/tZTr588Dfk7XVzx+Rf1+nrxfXqe8qn5dIlRhgA+yY4cg8Ib69vWwkKFhAzbRqg8z42aw==
  dependencies:
    bittorrent-dht "^10.0.7"
    bittorrent-lsd "^1.1.1"
    bittorrent-tracker "^9.19.0"
    debug "^4.3.4"
    run-parallel "^1.2.0"

tslib@^2.4.0:
  version "2.4.1"
  resolved "https://registry.yarnpkg.com/tslib/-/tslib-2.4.1.tgz#0d0bfbaac2880b91e22df0768e55be9753a5b17e"
  integrity sha512-tGyy4dAjRIEwI7BzsB0lynWgOpfqjUdq91XXAlIWD2OwKBH7oCl/GZG/HT4BOHrTlPMOASlMQ7veyTqpmRcrNA==

unload@2.2.0:
  version "2.2.0"
  resolved "https://registry.yarnpkg.com/unload/-/unload-2.2.0.tgz#ccc88fdcad345faa06a92039ec0f80b488880ef7"
  integrity sha512-B60uB5TNBLtN6/LsgAf3udH9saB5p7gqJwcFfbOEZ8BcBHnGwCf6G/TGiEqkRAxX7zAFIUtzdrXQSdL3Q/wqNA==
  dependencies:
    "@babel/runtime" "^7.6.2"
    detect-node "^2.0.4"

unordered-array-remove@^1.0.2:
  version "1.0.2"
  resolved "https://registry.yarnpkg.com/unordered-array-remove/-/unordered-array-remove-1.0.2.tgz#c546e8f88e317a0cf2644c97ecb57dba66d250ef"
  integrity sha512-45YsfD6svkgaCBNyvD+dFHm4qFX9g3wRSIVgWVPtm2OCnphvPxzJoe20ATsiNpNJrmzHifnxm+BN5F7gFT/4gw==

utf-8-validate@^5.0.5:
  version "5.0.10"
  resolved "https://registry.yarnpkg.com/utf-8-validate/-/utf-8-validate-5.0.10.tgz#d7d10ea39318171ca982718b6b96a8d2442571a2"
  integrity sha512-Z6czzLq4u8fPOyx7TU6X3dvUZVvoJmxSQ+IcrlmagKhilxlhZgxPK6C5Jqbkw1IDUmFTM+cz9QDnnLTwDz/2gQ==
  dependencies:
    node-gyp-build "^4.3.0"

util-deprecate@^1.0.1:
  version "1.0.2"
  resolved "https://registry.yarnpkg.com/util-deprecate/-/util-deprecate-1.0.2.tgz#450d4dc9fa70de732762fbd2d4a28981419a0ccf"
  integrity sha512-EPD5q1uXyFxJpCrLnCc1nHnq3gOa6DZBocAIiI2TaSCA7VCJ1UJDMagCzIkXNsUYfD1daK//LTEQ8xiIbrHtcw==

utp@0.0.7:
  version "0.0.7"
  resolved "https://registry.yarnpkg.com/utp/-/utp-0.0.7.tgz#ae43eb7745f5fe63dcc2f277cb4164ad27087f30"
  integrity sha512-2ZLjisH0HQkpqZTg2m7TK0Yn7TETTg7DxM0EpCKIIIV2ky9w9nSxW5a7gzdk4nH2h+pomrrGw0uywrUJfsm2eA==
  dependencies:
    cyclist "~0.1.0"

wrappy@1:
  version "1.0.2"
  resolved "https://registry.yarnpkg.com/wrappy/-/wrappy-1.0.2.tgz#b5243d8f3ec1aa35f1364605bc0d1036e30ab69f"
  integrity sha512-l4Sp/DRseor9wL6EvV2+TuQn63dMkPjZ/sp9XkghTEbV9KlPS1xUsZ3u7/IQO4wxtcFB4bgpQPRcR3QCvezPcQ==

ws@^7.4.2, ws@^7.4.5:
  version "7.5.9"
  resolved "https://registry.yarnpkg.com/ws/-/ws-7.5.9.tgz#54fa7db29f4c7cec68b1ddd3a89de099942bb591"
  integrity sha512-F+P9Jil7UiSKSkppIiD94dN07AwvFixvLIj1Og1Rl9GGMuNipJnV9JzjD6XuqmAeiswGvUmNLjr5cFuXwNS77Q==
